
Microsoft Visual Studio Solution File, Format Version 12.00
# Visual Studio Version 17
VisualStudioVersion = 17.5.33530.505
MinimumVisualStudioVersion = 10.0.40219.1
Project("{FAE04EC0-301F-11D3-BF4B-00C04F79EFBC}") = "TVBS", "TVBS\TVBS.csproj", "{57641E18-AD6B-4361-BE90-21E96E3BF526}"
EndProject
Global
	GlobalSection(SolutionConfigurationPlatforms) = preSolution
		Debug|Any CPU = Debug|Any CPU
		Release|Any CPU = Release|Any CPU
	EndGlobalSection
	GlobalSection(ProjectConfigurationPlatforms) = postSolution
		{57641E18-AD6B-4361-BE90-21E96E3BF526}.Debug|Any CPU.ActiveCfg = Debug|Any CPU
		{57641E18-AD6B-4361-BE90-21E96E3BF526}.Debug|Any CPU.Build.0 = Debug|Any CPU
		{57641E18-AD6B-4361-BE90-21E96E3BF526}.Release|Any CPU.ActiveCfg = Release|Any CPU
		{57641E18-AD6B-4361-BE90-21E96E3BF526}.Release|Any CPU.Build.0 = Release|Any CPU
	EndGlobalSection
	GlobalSection(SolutionProperties) = preSolution
		HideSolutionNode = FALSE
	EndGlobalSection
	GlobalSection(ExtensibilityGlobals) = postSolution
		SolutionGuid = {7176CD6D-D1FC-405C-8483-DF62B211AC97}
	EndGlobalSection
EndGlobal
